{
    "name": "engine",
    "lockfileVersion": 2,
    "requires": true,
    "packages": {
        "": {
            "name": "engine",
            "devDependencies": {
                "@types/node": "16.0.1",
                "typescript": "4.3.4"
            }
        },
        "node_modules/@types/node": {
            "version": "16.0.1",
            "dev": true,
            "license": "MIT"
        },
        "node_modules/typescript": {
            "version": "4.3.4",
            "dev": true,
            "license": "Apache-2.0",
            "bin": {
                "tsc": "bin/tsc",
                "tsserver": "bin/tsserver"
            },
            "engines": {
                "node": ">=4.2.0"
            }
        }
    },
    "dependencies": {
        "@types/node": {
            "version": "16.0.1",
            "dev": true
        },
        "typescript": {
            "version": "4.3.4",
            "dev": true
        }
    }
}
