{
    "name": "app",
    "version": "1.0.0",
    "lockfileVersion": 2,
    "requires": true,
    "packages": {
        "": {
            "version": "1.0.0",
            "dependencies": {
                "vue": "2.6.14"
            }
        },
        "node_modules/vue": {
            "version": "2.6.14",
            "resolved": "http://artifactory.intra.xiaojukeji.com/artifactory/api/npm/npm/vue/-/vue-2.6.14.tgz?dl=https%3A%2F%2Fregistry.npmmirror.com%2Fvue%2F-%2Fvue-2.6.14.tgz",
            "integrity": "sha1-5RqlJQJQ1Wmj+606ilpofWA24jU=",
            "license": "MIT"
        }
    },
    "dependencies": {
        "vue": {
            "version": "2.6.14",
            "resolved": "http://artifactory.intra.xiaojukeji.com/artifactory/api/npm/npm/vue/-/vue-2.6.14.tgz?dl=https%3A%2F%2Fregistry.npmmirror.com%2Fvue%2F-%2Fvue-2.6.14.tgz",
            "integrity": "sha1-5RqlJQJQ1Wmj+606ilpofWA24jU="
        }
    }
}
